
Microsoft Visual Studio Solution File, Format Version 12.00
# Visual Studio Version 16
VisualStudioVersion = 16.0.32413.511
MinimumVisualStudioVersion = 10.0.40219.1
Project("{8BC9CEB8-8B4A-11D0-8D11-00A0C91BC942}") = "Homework_Maze", "Homework_Maze.vcxproj", "{F6E02685-0B46-4F27-A9EF-D0B13EE1A233}"
EndProject
Global
	GlobalSection(SolutionConfigurationPlatforms) = preSolution
		Debug|x64 = Debug|x64
		Debug|x86 = Debug|x86
		Release|x64 = Release|x64
		Release|x86 = Release|x86
	EndGlobalSection
	GlobalSection(ProjectConfigurationPlatforms) = postSolution
		{F6E02685-0B46-4F27-A9EF-D0B13EE1A233}.Debug|x64.ActiveCfg = Debug|x64
		{F6E02685-0B46-4F27-A9EF-D0B13EE1A233}.Debug|x64.Build.0 = Debug|x64
		{F6E02685-0B46-4F27-A9EF-D0B13EE1A233}.Debug|x86.ActiveCfg = Debug|Win32
		{F6E02685-0B46-4F27-A9EF-D0B13EE1A233}.Debug|x86.Build.0 = Debug|Win32
		{F6E02685-0B46-4F27-A9EF-D0B13EE1A233}.Release|x64.ActiveCfg = Release|x64
		{F6E02685-0B46-4F27-A9EF-D0B13EE1A233}.Release|x64.Build.0 = Release|x64
		{F6E02685-0B46-4F27-A9EF-D0B13EE1A233}.Release|x86.ActiveCfg = Release|Win32
		{F6E02685-0B46-4F27-A9EF-D0B13EE1A233}.Release|x86.Build.0 = Release|Win32
	EndGlobalSection
	GlobalSection(SolutionProperties) = preSolution
		HideSolutionNode = FALSE
	EndGlobalSection
	GlobalSection(ExtensibilityGlobals) = postSolution
		SolutionGuid = {79A56B95-3DE4-4A69-B128-6CA9E4E795BE}
	EndGlobalSection
EndGlobal
